
Microsoft Visual Studio Solution File, Format Version 12.00
# Visual Studio Version 17
VisualStudioVersion = 17.10.34916.146
MinimumVisualStudioVersion = 10.0.40219.1
Project("{8BC9CEB8-8B4A-11D0-8D11-00A0C91BC942}") = "Leap Year (one Line of Code)", "Leap Year (one Line of Code)\Leap Year (one Line of Code).vcxproj", "{ECC72A1E-5EA5-4658-9529-1C24BF2AB995}"
EndProject
Global
	GlobalSection(SolutionConfigurationPlatforms) = preSolution
		Debug|x64 = Debug|x64
		Debug|x86 = Debug|x86
		Release|x64 = Release|x64
		Release|x86 = Release|x86
	EndGlobalSection
	GlobalSection(ProjectConfigurationPlatforms) = postSolution
		{ECC72A1E-5EA5-4658-9529-1C24BF2AB995}.Debug|x64.ActiveCfg = Debug|x64
		{ECC72A1E-5EA5-4658-9529-1C24BF2AB995}.Debug|x64.Build.0 = Debug|x64
		{ECC72A1E-5EA5-4658-9529-1C24BF2AB995}.Debug|x86.ActiveCfg = Debug|Win32
		{ECC72A1E-5EA5-4658-9529-1C24BF2AB995}.Debug|x86.Build.0 = Debug|Win32
		{ECC72A1E-5EA5-4658-9529-1C24BF2AB995}.Release|x64.ActiveCfg = Release|x64
		{ECC72A1E-5EA5-4658-9529-1C24BF2AB995}.Release|x64.Build.0 = Release|x64
		{ECC72A1E-5EA5-4658-9529-1C24BF2AB995}.Release|x86.ActiveCfg = Release|Win32
		{ECC72A1E-5EA5-4658-9529-1C24BF2AB995}.Release|x86.Build.0 = Release|Win32
	EndGlobalSection
	GlobalSection(SolutionProperties) = preSolution
		HideSolutionNode = FALSE
	EndGlobalSection
	GlobalSection(ExtensibilityGlobals) = postSolution
		SolutionGuid = {8936588E-5988-4393-B9C0-59FBEC466C9F}
	EndGlobalSection
EndGlobal
