
Microsoft Visual Studio Solution File, Format Version 12.00
# Visual Studio Version 17
VisualStudioVersion = 17.9.34607.119
MinimumVisualStudioVersion = 10.0.40219.1
Project("{8BC9CEB8-8B4A-11D0-8D11-00A0C91BC942}") = "048 monthly loan installement", "048 monthly loan installement\048 monthly loan installement.vcxproj", "{BDE5B6F2-4492-4145-A2DB-67B058B733CE}"
EndProject
Global
	GlobalSection(SolutionConfigurationPlatforms) = preSolution
		Debug|x64 = Debug|x64
		Debug|x86 = Debug|x86
		Release|x64 = Release|x64
		Release|x86 = Release|x86
	EndGlobalSection
	GlobalSection(ProjectConfigurationPlatforms) = postSolution
		{BDE5B6F2-4492-4145-A2DB-67B058B733CE}.Debug|x64.ActiveCfg = Debug|x64
		{BDE5B6F2-4492-4145-A2DB-67B058B733CE}.Debug|x64.Build.0 = Debug|x64
		{BDE5B6F2-4492-4145-A2DB-67B058B733CE}.Debug|x86.ActiveCfg = Debug|Win32
		{BDE5B6F2-4492-4145-A2DB-67B058B733CE}.Debug|x86.Build.0 = Debug|Win32
		{BDE5B6F2-4492-4145-A2DB-67B058B733CE}.Release|x64.ActiveCfg = Release|x64
		{BDE5B6F2-4492-4145-A2DB-67B058B733CE}.Release|x64.Build.0 = Release|x64
		{BDE5B6F2-4492-4145-A2DB-67B058B733CE}.Release|x86.ActiveCfg = Release|Win32
		{BDE5B6F2-4492-4145-A2DB-67B058B733CE}.Release|x86.Build.0 = Release|Win32
	EndGlobalSection
	GlobalSection(SolutionProperties) = preSolution
		HideSolutionNode = FALSE
	EndGlobalSection
	GlobalSection(ExtensibilityGlobals) = postSolution
		SolutionGuid = {3171AF6C-E530-49AB-91CE-29500817F1CC}
	EndGlobalSection
EndGlobal
