
Microsoft Visual Studio Solution File, Format Version 12.00
# Visual Studio Version 17
VisualStudioVersion = 17.10.34916.146
MinimumVisualStudioVersion = 10.0.40219.1
Project("{8BC9CEB8-8B4A-11D0-8D11-00A0C91BC942}") = "Revision Project", "Revision Project\Revision Project.vcxproj", "{BFA4B711-C106-4F98-BB23-BCD135C68021}"
EndProject
Global
	GlobalSection(SolutionConfigurationPlatforms) = preSolution
		Debug|x64 = Debug|x64
		Debug|x86 = Debug|x86
		Release|x64 = Release|x64
		Release|x86 = Release|x86
	EndGlobalSection
	GlobalSection(ProjectConfigurationPlatforms) = postSolution
		{BFA4B711-C106-4F98-BB23-BCD135C68021}.Debug|x64.ActiveCfg = Debug|x64
		{BFA4B711-C106-4F98-BB23-BCD135C68021}.Debug|x64.Build.0 = Debug|x64
		{BFA4B711-C106-4F98-BB23-BCD135C68021}.Debug|x86.ActiveCfg = Debug|Win32
		{BFA4B711-C106-4F98-BB23-BCD135C68021}.Debug|x86.Build.0 = Debug|Win32
		{BFA4B711-C106-4F98-BB23-BCD135C68021}.Release|x64.ActiveCfg = Release|x64
		{BFA4B711-C106-4F98-BB23-BCD135C68021}.Release|x64.Build.0 = Release|x64
		{BFA4B711-C106-4F98-BB23-BCD135C68021}.Release|x86.ActiveCfg = Release|Win32
		{BFA4B711-C106-4F98-BB23-BCD135C68021}.Release|x86.Build.0 = Release|Win32
	EndGlobalSection
	GlobalSection(SolutionProperties) = preSolution
		HideSolutionNode = FALSE
	EndGlobalSection
	GlobalSection(ExtensibilityGlobals) = postSolution
		SolutionGuid = {7117B50A-8F2A-49E6-A4AD-B16538E36DA8}
	EndGlobalSection
EndGlobal
